
Microsoft Visual Studio Solution File, Format Version 12.00
# Visual Studio Version 16
VisualStudioVersion = 16.0.29613.14
MinimumVisualStudioVersion = 10.0.40219.1
Project("{FAE04EC0-301F-11D3-BF4B-00C04F79EFBC}") = "DBDeadlockHang", "DBDeadlockHang\DBDeadlockHang.csproj", "{282E26CE-568F-49ED-B064-CDC97763C644}"
EndProject
Global
	GlobalSection(SolutionConfigurationPlatforms) = preSolution
		Debug|Any CPU = Debug|Any CPU
		Release|Any CPU = Release|Any CPU
	EndGlobalSection
	GlobalSection(ProjectConfigurationPlatforms) = postSolution
		{282E26CE-568F-49ED-B064-CDC97763C644}.Debug|Any CPU.ActiveCfg = Debug|Any CPU
		{282E26CE-568F-49ED-B064-CDC97763C644}.Debug|Any CPU.Build.0 = Debug|Any CPU
		{282E26CE-568F-49ED-B064-CDC97763C644}.Release|Any CPU.ActiveCfg = Release|Any CPU
		{282E26CE-568F-49ED-B064-CDC97763C644}.Release|Any CPU.Build.0 = Release|Any CPU
	EndGlobalSection
	GlobalSection(SolutionProperties) = preSolution
		HideSolutionNode = FALSE
	EndGlobalSection
	GlobalSection(ExtensibilityGlobals) = postSolution
		SolutionGuid = {23E3643A-9070-4EF3-8308-CC703062B187}
	EndGlobalSection
EndGlobal
